// !$*UTF8*$!
{
	archiveVersion = 1;
	classes = {
	};
	objectVersion = 46;
	objects = {

/* Begin PBXBuildFile section */
		38E957E71F3468A30072A059 /* UIViewController+zk_Additions.m in Sources */ = {isa = PBXBuildFile; fileRef = 38E957E61F3468A30072A059 /* UIViewController+zk_Additions.m */; };
		9B8708B91D4767C200C49F9F /* main.m in Sources */ = {isa = PBXBuildFile; fileRef = 9B8708B81D4767C200C49F9F /* main.m */; };
		9B8708BC1D4767C200C49F9F /* AppDelegate.m in Sources */ = {isa = PBXBuildFile; fileRef = 9B8708BB1D4767C200C49F9F /* AppDelegate.m */; };
		9B8708BF1D4767C200C49F9F /* ViewController.m in Sources */ = {isa = PBXBuildFile; fileRef = 9B8708BE1D4767C200C49F9F /* ViewController.m */; };
		9B8708C21D4767C200C49F9F /* Main.storyboard in Resources */ = {isa = PBXBuildFile; fileRef = 9B8708C01D4767C200C49F9F /* Main.storyboard */; };
		9B8708C41D4767C200C49F9F /* Assets.xcassets in Resources */ = {isa = PBXBuildFile; fileRef = 9B8708C31D4767C200C49F9F /* Assets.xcassets */; };
		9B8708C71D4767C200C49F9F /* LaunchScreen.storyboard in Resources */ = {isa = PBXBuildFile; fileRef = 9B8708C51D4767C200C49F9F /* LaunchScreen.storyboard */; };
		9B8708D21D4767C200C49F9F /* ZKAlertToolTests.m in Sources */ = {isa = PBXBuildFile; fileRef = 9B8708D11D4767C200C49F9F /* ZKAlertToolTests.m */; };
		9B8708DD1D4767C200C49F9F /* ZKAlertToolUITests.m in Sources */ = {isa = PBXBuildFile; fileRef = 9B8708DC1D4767C200C49F9F /* ZKAlertToolUITests.m */; };
		9B8708EC1D4767EE00C49F9F /* ZKAlertTool.m in Sources */ = {isa = PBXBuildFile; fileRef = 9B8708EB1D4767EE00C49F9F /* ZKAlertTool.m */; };
/* End PBXBuildFile section */

/* Begin PBXContainerItemProxy section */
		9B8708CE1D4767C200C49F9F /* PBXContainerItemProxy */ = {
			isa = PBXContainerItemProxy;
			containerPortal = 9B8708AC1D4767C200C49F9F /* Project object */;
			proxyType = 1;
			remoteGlobalIDString = 9B8708B31D4767C200C49F9F;
			remoteInfo = ZKAlertTool;
		};
		9B8708D91D4767C200C49F9F /* PBXContainerItemProxy */ = {
			isa = PBXContainerItemProxy;
			containerPortal = 9B8708AC1D4767C200C49F9F /* Project object */;
			proxyType = 1;
			remoteGlobalIDString = 9B8708B31D4767C200C49F9F;
			remoteInfo = ZKAlertTool;
		};
/* End PBXContainerItemProxy section */

/* Begin PBXFileReference section */
		38E957E51F3468A30072A059 /* UIViewController+zk_Additions.h */ = {isa = PBXFileReference; fileEncoding = 4; lastKnownFileType = sourcecode.c.h; path = "UIViewController+zk_Additions.h"; sourceTree = "<group>"; };
		38E957E61F3468A30072A059 /* UIViewController+zk_Additions.m */ = {isa = PBXFileReference; fileEncoding = 4; lastKnownFileType = sourcecode.c.objc; path = "UIViewController+zk_Additions.m"; sourceTree = "<group>"; };
		9B8708B41D4767C200C49F9F /* ZKAlertTool.app */ = {isa = PBXFileReference; explicitFileType = wrapper.application; includeInIndex = 0; path = ZKAlertTool.app; sourceTree = BUILT_PRODUCTS_DIR; };
		9B8708B81D4767C200C49F9F /* main.m */ = {isa = PBXFileReference; lastKnownFileType = sourcecode.c.objc; path = main.m; sourceTree = "<group>"; };
		9B8708BA1D4767C200C49F9F /* AppDelegate.h */ = {isa = PBXFileReference; lastKnownFileType = sourcecode.c.h; path = AppDelegate.h; sourceTree = "<group>"; };
		9B8708BB1D4767C200C49F9F /* AppDelegate.m */ = {isa = PBXFileReference; lastKnownFileType = sourcecode.c.objc; path = AppDelegate.m; sourceTree = "<group>"; };
		9B8708BD1D4767C200C49F9F /* ViewController.h */ = {isa = PBXFileReference; lastKnownFileType = sourcecode.c.h; path = ViewController.h; sourceTree = "<group>"; };
		9B8708BE1D4767C200C49F9F /* ViewController.m */ = {isa = PBXFileReference; lastKnownFileType = sourcecode.c.objc; path = ViewController.m; sourceTree = "<group>"; };
		9B8708C11D4767C200C49F9F /* Base */ = {isa = PBXFileReference; lastKnownFileType = file.storyboard; name = Base; path = Base.lproj/Main.storyboard; sourceTree = "<group>"; };
		9B8708C31D4767C200C49F9F /* Assets.xcassets */ = {isa = PBXFileReference; lastKnownFileType = folder.assetcatalog; path = Assets.xcassets; sourceTree = "<group>"; };
		9B8708C61D4767C200C49F9F /* Base */ = {isa = PBXFileReference; lastKnownFileType = file.storyboard; name = Base; path = Base.lproj/LaunchScreen.storyboard; sourceTree = "<group>"; };
		9B8708C81D4767C200C49F9F /* Info.plist */ = {isa = PBXFileReference; lastKnownFileType = text.plist.xml; path = Info.plist; sourceTree = "<group>"; };
		9B8708CD1D4767C200C49F9F /* ZKAlertToolTests.xctest */ = {isa = PBXFileReference; explicitFileType = wrapper.cfbundle; includeInIndex = 0; path = ZKAlertToolTests.xctest; sourceTree = BUILT_PRODUCTS_DIR; };
		9B8708D11D4767C200C49F9F /* ZKAlertToolTests.m */ = {isa = PBXFileReference; lastKnownFileType = sourcecode.c.objc; path = ZKAlertToolTests.m; sourceTree = "<group>"; };
		9B8708D31D4767C200C49F9F /* Info.plist */ = {isa = PBXFileReference; lastKnownFileType = text.plist.xml; path = Info.plist; sourceTree = "<group>"; };
		9B8708D81D4767C200C49F9F /* ZKAlertToolUITests.xctest */ = {isa = PBXFileReference; explicitFileType = wrapper.cfbundle; includeInIndex = 0; path = ZKAlertToolUITests.xctest; sourceTree = BUILT_PRODUCTS_DIR; };
		9B8708DC1D4767C200C49F9F /* ZKAlertToolUITests.m */ = {isa = PBXFileReference; lastKnownFileType = sourcecode.c.objc; path = ZKAlertToolUITests.m; sourceTree = "<group>"; };
		9B8708DE1D4767C200C49F9F /* Info.plist */ = {isa = PBXFileReference; lastKnownFileType = text.plist.xml; path = Info.plist; sourceTree = "<group>"; };
		9B8708EA1D4767EE00C49F9F /* ZKAlertTool.h */ = {isa = PBXFileReference; fileEncoding = 4; lastKnownFileType = sourcecode.c.h; path = ZKAlertTool.h; sourceTree = "<group>"; };
		9B8708EB1D4767EE00C49F9F /* ZKAlertTool.m */ = {isa = PBXFileReference; fileEncoding = 4; lastKnownFileType = sourcecode.c.objc; path = ZKAlertTool.m; sourceTree = "<group>"; };
/* End PBXFileReference section */

/* Begin PBXFrameworksBuildPhase section */
		9B8708B11D4767C200C49F9F /* Frameworks */ = {
			isa = PBXFrameworksBuildPhase;
			buildActionMask = 2147483647;
			files = (
			);
			runOnlyForDeploymentPostprocessing = 0;
		};
		9B8708CA1D4767C200C49F9F /* Frameworks */ = {
			isa = PBXFrameworksBuildPhase;
			buildActionMask = 2147483647;
			files = (
			);
			runOnlyForDeploymentPostprocessing = 0;
		};
		9B8708D51D4767C200C49F9F /* Frameworks */ = {
			isa = PBXFrameworksBuildPhase;
			buildActionMask = 2147483647;
			files = (
			);
			runOnlyForDeploymentPostprocessing = 0;
		};
/* End PBXFrameworksBuildPhase section */

/* Begin PBXGroup section */
		9B8708AB1D4767C200C49F9F = {
			isa = PBXGroup;
			children = (
				9B8708B61D4767C200C49F9F /* ZKAlertTool */,
				9B8708D01D4767C200C49F9F /* ZKAlertToolTests */,
				9B8708DB1D4767C200C49F9F /* ZKAlertToolUITests */,
				9B8708B51D4767C200C49F9F /* Products */,
			);
			sourceTree = "<group>";
		};
		9B8708B51D4767C200C49F9F /* Products */ = {
			isa = PBXGroup;
			children = (
				9B8708B41D4767C200C49F9F /* ZKAlertTool.app */,
				9B8708CD1D4767C200C49F9F /* ZKAlertToolTests.xctest */,
				9B8708D81D4767C200C49F9F /* ZKAlertToolUITests.xctest */,
			);
			name = Products;
			sourceTree = "<group>";
		};
		9B8708B61D4767C200C49F9F /* ZKAlertTool */ = {
			isa = PBXGroup;
			children = (
				FD281DAF22FBFDEA00DD0BF5 /* ZKAlertTool */,
				9B8708BA1D4767C200C49F9F /* AppDelegate.h */,
				9B8708BB1D4767C200C49F9F /* AppDelegate.m */,
				9B8708BD1D4767C200C49F9F /* ViewController.h */,
				9B8708BE1D4767C200C49F9F /* ViewController.m */,
				9B8708C01D4767C200C49F9F /* Main.storyboard */,
				9B8708C31D4767C200C49F9F /* Assets.xcassets */,
				9B8708C51D4767C200C49F9F /* LaunchScreen.storyboard */,
				9B8708C81D4767C200C49F9F /* Info.plist */,
				9B8708B71D4767C200C49F9F /* Supporting Files */,
			);
			path = ZKAlertTool;
			sourceTree = "<group>";
		};
		9B8708B71D4767C200C49F9F /* Supporting Files */ = {
			isa = PBXGroup;
			children = (
				9B8708B81D4767C200C49F9F /* main.m */,
			);
			name = "Supporting Files";
			sourceTree = "<group>";
		};
		9B8708D01D4767C200C49F9F /* ZKAlertToolTests */ = {
			isa = PBXGroup;
			children = (
				9B8708D11D4767C200C49F9F /* ZKAlertToolTests.m */,
				9B8708D31D4767C200C49F9F /* Info.plist */,
			);
			path = ZKAlertToolTests;
			sourceTree = "<group>";
		};
		9B8708DB1D4767C200C49F9F /* ZKAlertToolUITests */ = {
			isa = PBXGroup;
			children = (
				9B8708DC1D4767C200C49F9F /* ZKAlertToolUITests.m */,
				9B8708DE1D4767C200C49F9F /* Info.plist */,
			);
			path = ZKAlertToolUITests;
			sourceTree = "<group>";
		};
		FD281DAF22FBFDEA00DD0BF5 /* ZKAlertTool */ = {
			isa = PBXGroup;
			children = (
				9B8708EA1D4767EE00C49F9F /* ZKAlertTool.h */,
				9B8708EB1D4767EE00C49F9F /* ZKAlertTool.m */,
				38E957E51F3468A30072A059 /* UIViewController+zk_Additions.h */,
				38E957E61F3468A30072A059 /* UIViewController+zk_Additions.m */,
			);
			name = ZKAlertTool;
			sourceTree = "<group>";
		};
/* End PBXGroup section */

/* Begin PBXNativeTarget section */
		9B8708B31D4767C200C49F9F /* ZKAlertTool */ = {
			isa = PBXNativeTarget;
			buildConfigurationList = 9B8708E11D4767C200C49F9F /* Build configuration list for PBXNativeTarget "ZKAlertTool" */;
			buildPhases = (
				9B8708B01D4767C200C49F9F /* Sources */,
				9B8708B11D4767C200C49F9F /* Frameworks */,
				9B8708B21D4767C200C49F9F /* Resources */,
			);
			buildRules = (
			);
			dependencies = (
			);
			name = ZKAlertTool;
			productName = ZKAlertTool;
			productReference = 9B8708B41D4767C200C49F9F /* ZKAlertTool.app */;
			productType = "com.apple.product-type.application";
		};
		9B8708CC1D4767C200C49F9F /* ZKAlertToolTests */ = {
			isa = PBXNativeTarget;
			buildConfigurationList = 9B8708E41D4767C200C49F9F /* Build configuration list for PBXNativeTarget "ZKAlertToolTests" */;
			buildPhases = (
				9B8708C91D4767C200C49F9F /* Sources */,
				9B8708CA1D4767C200C49F9F /* Frameworks */,
				9B8708CB1D4767C200C49F9F /* Resources */,
			);
			buildRules = (
			);
			dependencies = (
				9B8708CF1D4767C200C49F9F /* PBXTargetDependency */,
			);
			name = ZKAlertToolTests;
			productName = ZKAlertToolTests;
			productReference = 9B8708CD1D4767C200C49F9F /* ZKAlertToolTests.xctest */;
			productType = "com.apple.product-type.bundle.unit-test";
		};
		9B8708D71D4767C200C49F9F /* ZKAlertToolUITests */ = {
			isa = PBXNativeTarget;
			buildConfigurationList = 9B8708E71D4767C200C49F9F /* Build configuration list for PBXNativeTarget "ZKAlertToolUITests" */;
			buildPhases = (
				9B8708D41D4767C200C49F9F /* Sources */,
				9B8708D51D4767C200C49F9F /* Frameworks */,
				9B8708D61D4767C200C49F9F /* Resources */,
			);
			buildRules = (
			);
			dependencies = (
				9B8708DA1D4767C200C49F9F /* PBXTargetDependency */,
			);
			name = ZKAlertToolUITests;
			productName = ZKAlertToolUITests;
			productReference = 9B8708D81D4767C200C49F9F /* ZKAlertToolUITests.xctest */;
			productType = "com.apple.product-type.bundle.ui-testing";
		};
/* End PBXNativeTarget section */

/* Begin PBXProject section */
		9B8708AC1D4767C200C49F9F /* Project object */ = {
			isa = PBXProject;
			attributes = {
				LastUpgradeCheck = 0930;
				ORGANIZATIONNAME = sanchun;
				TargetAttributes = {
					9B8708B31D4767C200C49F9F = {
						CreatedOnToolsVersion = 7.2;
						DevelopmentTeam = C2Y8Q3RAAW;
					};
					9B8708CC1D4767C200C49F9F = {
						CreatedOnToolsVersion = 7.2;
						TestTargetID = 9B8708B31D4767C200C49F9F;
					};
					9B8708D71D4767C200C49F9F = {
						CreatedOnToolsVersion = 7.2;
						TestTargetID = 9B8708B31D4767C200C49F9F;
					};
				};
			};
			buildConfigurationList = 9B8708AF1D4767C200C49F9F /* Build configuration list for PBXProject "ZKAlertTool" */;
			compatibilityVersion = "Xcode 3.2";
			developmentRegion = English;
			hasScannedForEncodings = 0;
			knownRegions = (
				English,
				en,
				Base,
			);
			mainGroup = 9B8708AB1D4767C200C49F9F;
			productRefGroup = 9B8708B51D4767C200C49F9F /* Products */;
			projectDirPath = "";
			projectRoot = "";
			targets = (
				9B8708B31D4767C200C49F9F /* ZKAlertTool */,
				9B8708CC1D4767C200C49F9F /* ZKAlertToolTests */,
				9B8708D71D4767C200C49F9F /* ZKAlertToolUITests */,
			);
		};
/* End PBXProject section */

/* Begin PBXResourcesBuildPhase section */
		9B8708B21D4767C200C49F9F /* Resources */ = {
			isa = PBXResourcesBuildPhase;
			buildActionMask = 2147483647;
			files = (
				9B8708C71D4767C200C49F9F /* LaunchScreen.storyboard in Resources */,
				9B8708C41D4767C200C49F9F /* Assets.xcassets in Resources */,
				9B8708C21D4767C200C49F9F /* Main.storyboard in Resources */,
			);
			runOnlyForDeploymentPostprocessing = 0;
		};
		9B8708CB1D4767C200C49F9F /* Resources */ = {
			isa = PBXResourcesBuildPhase;
			buildActionMask = 2147483647;
			files = (
			);
			runOnlyForDeploymentPostprocessing = 0;
		};
		9B8708D61D4767C200C49F9F /* Resources */ = {
			isa = PBXResourcesBuildPhase;
			buildActionMask = 2147483647;
			files = (
			);
			runOnlyForDeploymentPostprocessing = 0;
		};
/* End PBXResourcesBuildPhase section */

/* Begin PBXSourcesBuildPhase section */
		9B8708B01D4767C200C49F9F /* Sources */ = {
			isa = PBXSourcesBuildPhase;
			buildActionMask = 2147483647;
			files = (
				9B8708BF1D4767C200C49F9F /* ViewController.m in Sources */,
				9B8708BC1D4767C200C49F9F /* AppDelegate.m in Sources */,
				9B8708B91D4767C200C49F9F /* main.m in Sources */,
				9B8708EC1D4767EE00C49F9F /* ZKAlertTool.m in Sources */,
				38E957E71F3468A30072A059 /* UIViewController+zk_Additions.m in Sources */,
			);
			runOnlyForDeploymentPostprocessing = 0;
		};
		9B8708C91D4767C200C49F9F /* Sources */ = {
			isa = PBXSourcesBuildPhase;
			buildActionMask = 2147483647;
			files = (
				9B8708D21D4767C200C49F9F /* ZKAlertToolTests.m in Sources */,
			);
			runOnlyForDeploymentPostprocessing = 0;
		};
		9B8708D41D4767C200C49F9F /* Sources */ = {
			isa = PBXSourcesBuildPhase;
			buildActionMask = 2147483647;
			files = (
				9B8708DD1D4767C200C49F9F /* ZKAlertToolUITests.m in Sources */,
			);
			runOnlyForDeploymentPostprocessing = 0;
		};
/* End PBXSourcesBuildPhase section */

/* Begin PBXTargetDependency section */
		9B8708CF1D4767C200C49F9F /* PBXTargetDependency */ = {
			isa = PBXTargetDependency;
			target = 9B8708B31D4767C200C49F9F /* ZKAlertTool */;
			targetProxy = 9B8708CE1D4767C200C49F9F /* PBXContainerItemProxy */;
		};
		9B8708DA1D4767C200C49F9F /* PBXTargetDependency */ = {
			isa = PBXTargetDependency;
			target = 9B8708B31D4767C200C49F9F /* ZKAlertTool */;
			targetProxy = 9B8708D91D4767C200C49F9F /* PBXContainerItemProxy */;
		};
/* End PBXTargetDependency section */

/* Begin PBXVariantGroup section */
		9B8708C01D4767C200C49F9F /* Main.storyboard */ = {
			isa = PBXVariantGroup;
			children = (
				9B8708C11D4767C200C49F9F /* Base */,
			);
			name = Main.storyboard;
			sourceTree = "<group>";
		};
		9B8708C51D4767C200C49F9F /* LaunchScreen.storyboard */ = {
			isa = PBXVariantGroup;
			children = (
				9B8708C61D4767C200C49F9F /* Base */,
			);
			name = LaunchScreen.storyboard;
			sourceTree = "<group>";
		};
/* End PBXVariantGroup section */

/* Begin XCBuildConfiguration section */
		9B8708DF1D4767C200C49F9F /* Debug */ = {
			isa = XCBuildConfiguration;
			buildSettings = {
				ALWAYS_SEARCH_USER_PATHS = NO;
				CLANG_CXX_LANGUAGE_STANDARD = "gnu++0x";
				CLANG_CXX_LIBRARY = "libc++";
				CLANG_ENABLE_MODULES = YES;
				CLANG_ENABLE_OBJC_ARC = YES;
				CLANG_WARN_BLOCK_CAPTURE_AUTORELEASING = YES;
				CLANG_WARN_BOOL_CONVERSION = YES;
				CLANG_WARN_COMMA = YES;
				CLANG_WARN_CONSTANT_CONVERSION = YES;
				CLANG_WARN_DEPRECATED_OBJC_IMPLEMENTATIONS = YES;
				CLANG_WARN_DIRECT_OBJC_ISA_USAGE = YES_ERROR;
				CLANG_WARN_EMPTY_BODY = YES;
				CLANG_WARN_ENUM_CONVERSION = YES;
				CLANG_WARN_INFINITE_RECURSION = YES;
				CLANG_WARN_INT_CONVERSION = YES;
				CLANG_WARN_NON_LITERAL_NULL_CONVERSION = YES;
				CLANG_WARN_OBJC_IMPLICIT_RETAIN_SELF = YES;
				CLANG_WARN_OBJC_LITERAL_CONVERSION = YES;
				CLANG_WARN_OBJC_ROOT_CLASS = YES_ERROR;
				CLANG_WARN_RANGE_LOOP_ANALYSIS = YES;
				CLANG_WARN_STRICT_PROTOTYPES = YES;
				CLANG_WARN_SUSPICIOUS_MOVE = YES;
				CLANG_WARN_UNREACHABLE_CODE = YES;
				CLANG_WARN__DUPLICATE_METHOD_MATCH = YES;
				"CODE_SIGN_IDENTITY[sdk=iphoneos*]" = "iPhone Developer";
				COPY_PHASE_STRIP = NO;
				DEBUG_INFORMATION_FORMAT = dwarf;
				ENABLE_STRICT_OBJC_MSGSEND = YES;
				ENABLE_TESTABILITY = YES;
				GCC_C_LANGUAGE_STANDARD = gnu99;
				GCC_DYNAMIC_NO_PIC = NO;
				GCC_NO_COMMON_BLOCKS = YES;
				GCC_OPTIMIZATION_LEVEL = 0;
				GCC_PREPROCESSOR_DEFINITIONS = (
					"DEBUG=1",
					"$(inherited)",
				);
				GCC_WARN_64_TO_32_BIT_CONVERSION = YES;
				GCC_WARN_ABOUT_RETURN_TYPE = YES_ERROR;
				GCC_WARN_UNDECLARED_SELECTOR = YES;
				GCC_WARN_UNINITIALIZED_AUTOS = YES_AGGRESSIVE;
				GCC_WARN_UNUSED_FUNCTION = YES;
				GCC_WARN_UNUSED_VARIABLE = YES;
				IPHONEOS_DEPLOYMENT_TARGET = 9.2;
				MTL_ENABLE_DEBUG_INFO = YES;
				ONLY_ACTIVE_ARCH = YES;
				SDKROOT = iphoneos;
				TARGETED_DEVICE_FAMILY = "1,2";
			};
			name = Debug;
		};
		9B8708E01D4767C200C49F9F /* Release */ = {
			isa = XCBuildConfiguration;
			buildSettings = {
				ALWAYS_SEARCH_USER_PATHS = NO;
				CLANG_CXX_LANGUAGE_STANDARD = "gnu++0x";
				CLANG_CXX_LIBRARY = "libc++";
				CLANG_ENABLE_MODULES = YES;
				CLANG_ENABLE_OBJC_ARC = YES;
				CLANG_WARN_BLOCK_CAPTURE_AUTORELEASING = YES;
				CLANG_WARN_BOOL_CONVERSION = YES;
				CLANG_WARN_COMMA = YES;
				CLANG_WARN_CONSTANT_CONVERSION = YES;
				CLANG_WARN_DEPRECATED_OBJC_IMPLEMENTATIONS = YES;
				CLANG_WARN_DIRECT_OBJC_ISA_USAGE = YES_ERROR;
				CLANG_WARN_EMPTY_BODY = YES;
				CLANG_WARN_ENUM_CONVERSION = YES;
				CLANG_WARN_INFINITE_RECURSION = YES;
				CLANG_WARN_INT_CONVERSION = YES;
				CLANG_WARN_NON_LITERAL_NULL_CONVERSION = YES;
				CLANG_WARN_OBJC_IMPLICIT_RETAIN_SELF = YES;
				CLANG_WARN_OBJC_LITERAL_CONVERSION = YES;
				CLANG_WARN_OBJC_ROOT_CLASS = YES_ERROR;
				CLANG_WARN_RANGE_LOOP_ANALYSIS = YES;
				CLANG_WARN_STRICT_PROTOTYPES = YES;
				CLANG_WARN_SUSPICIOUS_MOVE = YES;
				CLANG_WARN_UNREACHABLE_CODE = YES;
				CLANG_WARN__DUPLICATE_METHOD_MATCH = YES;
				"CODE_SIGN_IDENTITY[sdk=iphoneos*]" = "iPhone Developer";
				COPY_PHASE_STRIP = NO;
				DEBUG_INFORMATION_FORMAT = "dwarf-with-dsym";
				ENABLE_NS_ASSERTIONS = NO;
				ENABLE_STRICT_OBJC_MSGSEND = YES;
				GCC_C_LANGUAGE_STANDARD = gnu99;
				GCC_NO_COMMON_BLOCKS = YES;
				GCC_WARN_64_TO_32_BIT_CONVERSION = YES;
				GCC_WARN_ABOUT_RETURN_TYPE = YES_ERROR;
				GCC_WARN_UNDECLARED_SELECTOR = YES;
				GCC_WARN_UNINITIALIZED_AUTOS = YES_AGGRESSIVE;
				GCC_WARN_UNUSED_FUNCTION = YES;
				GCC_WARN_UNUSED_VARIABLE = YES;
				IPHONEOS_DEPLOYMENT_TARGET = 9.2;
				MTL_ENABLE_DEBUG_INFO = NO;
				SDKROOT = iphoneos;
				TARGETED_DEVICE_FAMILY = "1,2";
				VALIDATE_PRODUCT = YES;
			};
			name = Release;
		};
		9B8708E21D4767C200C49F9F /* Debug */ = {
			isa = XCBuildConfiguration;
			buildSettings = {
				ASSETCATALOG_COMPILER_APPICON_NAME = AppIcon;
				DEVELOPMENT_TEAM = C2Y8Q3RAAW;
				INFOPLIST_FILE = ZKAlertTool/Info.plist;
				LD_RUNPATH_SEARCH_PATHS = "$(inherited) @executable_path/Frameworks";
				PRODUCT_BUNDLE_IDENTIFIER = zk.ZKAlertTool;
				PRODUCT_NAME = "$(TARGET_NAME)";
			};
			name = Debug;
		};
		9B8708E31D4767C200C49F9F /* Release */ = {
			isa = XCBuildConfiguration;
			buildSettings = {
				ASSETCATALOG_COMPILER_APPICON_NAME = AppIcon;
				DEVELOPMENT_TEAM = C2Y8Q3RAAW;
				INFOPLIST_FILE = ZKAlertTool/Info.plist;
				LD_RUNPATH_SEARCH_PATHS = "$(inherited) @executable_path/Frameworks";
				PRODUCT_BUNDLE_IDENTIFIER = zk.ZKAlertTool;
				PRODUCT_NAME = "$(TARGET_NAME)";
			};
			name = Release;
		};
		9B8708E51D4767C200C49F9F /* Debug */ = {
			isa = XCBuildConfiguration;
			buildSettings = {
				BUNDLE_LOADER = "$(TEST_HOST)";
				INFOPLIST_FILE = ZKAlertToolTests/Info.plist;
				LD_RUNPATH_SEARCH_PATHS = "$(inherited) @executable_path/Frameworks @loader_path/Frameworks";
				PRODUCT_BUNDLE_IDENTIFIER = zk.ZKAlertToolTests;
				PRODUCT_NAME = "$(TARGET_NAME)";
				TEST_HOST = "$(BUILT_PRODUCTS_DIR)/ZKAlertTool.app/ZKAlertTool";
			};
			name = Debug;
		};
		9B8708E61D4767C200C49F9F /* Release */ = {
			isa = XCBuildConfiguration;
			buildSettings = {
				BUNDLE_LOADER = "$(TEST_HOST)";
				INFOPLIST_FILE = ZKAlertToolTests/Info.plist;
				LD_RUNPATH_SEARCH_PATHS = "$(inherited) @executable_path/Frameworks @loader_path/Frameworks";
				PRODUCT_BUNDLE_IDENTIFIER = zk.ZKAlertToolTests;
				PRODUCT_NAME = "$(TARGET_NAME)";
				TEST_HOST = "$(BUILT_PRODUCTS_DIR)/ZKAlertTool.app/ZKAlertTool";
			};
			name = Release;
		};
		9B8708E81D4767C200C49F9F /* Debug */ = {
			isa = XCBuildConfiguration;
			buildSettings = {
				INFOPLIST_FILE = ZKAlertToolUITests/Info.plist;
				LD_RUNPATH_SEARCH_PATHS = "$(inherited) @executable_path/Frameworks @loader_path/Frameworks";
				PRODUCT_BUNDLE_IDENTIFIER = zk.ZKAlertToolUITests;
				PRODUCT_NAME = "$(TARGET_NAME)";
				TEST_TARGET_NAME = ZKAlertTool;
				USES_XCTRUNNER = YES;
			};
			name = Debug;
		};
		9B8708E91D4767C200C49F9F /* Release */ = {
			isa = XCBuildConfiguration;
			buildSettings = {
				INFOPLIST_FILE = ZKAlertToolUITests/Info.plist;
				LD_RUNPATH_SEARCH_PATHS = "$(inherited) @executable_path/Frameworks @loader_path/Frameworks";
				PRODUCT_BUNDLE_IDENTIFIER = zk.ZKAlertToolUITests;
				PRODUCT_NAME = "$(TARGET_NAME)";
				TEST_TARGET_NAME = ZKAlertTool;
				USES_XCTRUNNER = YES;
			};
			name = Release;
		};
/* End XCBuildConfiguration section */

/* Begin XCConfigurationList section */
		9B8708AF1D4767C200C49F9F /* Build configuration list for PBXProject "ZKAlertTool" */ = {
			isa = XCConfigurationList;
			buildConfigurations = (
				9B8708DF1D4767C200C49F9F /* Debug */,
				9B8708E01D4767C200C49F9F /* Release */,
			);
			defaultConfigurationIsVisible = 0;
			defaultConfigurationName = Release;
		};
		9B8708E11D4767C200C49F9F /* Build configuration list for PBXNativeTarget "ZKAlertTool" */ = {
			isa = XCConfigurationList;
			buildConfigurations = (
				9B8708E21D4767C200C49F9F /* Debug */,
				9B8708E31D4767C200C49F9F /* Release */,
			);
			defaultConfigurationIsVisible = 0;
			defaultConfigurationName = Release;
		};
		9B8708E41D4767C200C49F9F /* Build configuration list for PBXNativeTarget "ZKAlertToolTests" */ = {
			isa = XCConfigurationList;
			buildConfigurations = (
				9B8708E51D4767C200C49F9F /* Debug */,
				9B8708E61D4767C200C49F9F /* Release */,
			);
			defaultConfigurationIsVisible = 0;
			defaultConfigurationName = Release;
		};
		9B8708E71D4767C200C49F9F /* Build configuration list for PBXNativeTarget "ZKAlertToolUITests" */ = {
			isa = XCConfigurationList;
			buildConfigurations = (
				9B8708E81D4767C200C49F9F /* Debug */,
				9B8708E91D4767C200C49F9F /* Release */,
			);
			defaultConfigurationIsVisible = 0;
			defaultConfigurationName = Release;
		};
/* End XCConfigurationList section */
	};
	rootObject = 9B8708AC1D4767C200C49F9F /* Project object */;
}
